
Microsoft Visual Studio Solution File, Format Version 12.00
# Visual Studio 15
VisualStudioVersion = 15.0.28307.1831
MinimumVisualStudioVersion = 10.0.40219.1
Project("{F184B08F-C81C-45F6-A57F-5ABD9991F28F}") = "WindowsApp7", "WindowsApp7\WindowsApp7.vbproj", "{125B9D39-6416-485F-85AD-EB725AB90CC1}"
EndProject
Global
	GlobalSection(SolutionConfigurationPlatforms) = preSolution
		Debug|Any CPU = Debug|Any CPU
		Release|Any CPU = Release|Any CPU
	EndGlobalSection
	GlobalSection(ProjectConfigurationPlatforms) = postSolution
		{125B9D39-6416-485F-85AD-EB725AB90CC1}.Debug|Any CPU.ActiveCfg = Debug|Any CPU
		{125B9D39-6416-485F-85AD-EB725AB90CC1}.Debug|Any CPU.Build.0 = Debug|Any CPU
		{125B9D39-6416-485F-85AD-EB725AB90CC1}.Release|Any CPU.ActiveCfg = Release|Any CPU
		{125B9D39-6416-485F-85AD-EB725AB90CC1}.Release|Any CPU.Build.0 = Release|Any CPU
	EndGlobalSection
	GlobalSection(SolutionProperties) = preSolution
		HideSolutionNode = FALSE
	EndGlobalSection
	GlobalSection(ExtensibilityGlobals) = postSolution
		SolutionGuid = {AE2D25A3-32C5-42A8-9A8A-52CC99F15B23}
	EndGlobalSection
EndGlobal
